// !$*UTF8*$!
{
	archiveVersion = 1;
	classes = {
	};
	objectVersion = 56;
	objects = {

/* Begin PBXBuildFile section */
		7071FE122A417A0F001C524D /* AppDelegate.swift in Sources */ = {isa = PBXBuildFile; fileRef = 7071FE112A417A0F001C524D /* AppDelegate.swift */; };
		7071FE142A417A0F001C524D /* SceneDelegate.swift in Sources */ = {isa = PBXBuildFile; fileRef = 7071FE132A417A0F001C524D /* SceneDelegate.swift */; };
		7071FE192A417A0F001C524D /* Main.storyboard in Resources */ = {isa = PBXBuildFile; fileRef = 7071FE172A417A0F001C524D /* Main.storyboard */; };
		7071FE1B2A417A12001C524D /* Assets.xcassets in Resources */ = {isa = PBXBuildFile; fileRef = 7071FE1A2A417A12001C524D /* Assets.xcassets */; };
		7071FE1E2A417A12001C524D /* LaunchScreen.storyboard in Resources */ = {isa = PBXBuildFile; fileRef = 7071FE1C2A417A12001C524D /* LaunchScreen.storyboard */; };
		7071FE292A417A12001C524D /* Mensa_KATests.swift in Sources */ = {isa = PBXBuildFile; fileRef = 7071FE282A417A12001C524D /* Mensa_KATests.swift */; };
		7071FE332A417A12001C524D /* Mensa_KAUITests.swift in Sources */ = {isa = PBXBuildFile; fileRef = 7071FE322A417A12001C524D /* Mensa_KAUITests.swift */; };
		7071FE352A417A12001C524D /* Mensa_KAUITestsLaunchTests.swift in Sources */ = {isa = PBXBuildFile; fileRef = 7071FE342A417A12001C524D /* Mensa_KAUITestsLaunchTests.swift */; };
		7071FE432A417A36001C524D /* SwiftSoup in Frameworks */ = {isa = PBXBuildFile; productRef = 7071FE422A417A36001C524D /* SwiftSoup */; };
		7071FE4B2A417A5F001C524D /* CWPlan.swift in Sources */ = {isa = PBXBuildFile; fileRef = 7071FE452A417A5E001C524D /* CWPlan.swift */; };
		7071FE4D2A417A5F001C524D /* Meal.swift in Sources */ = {isa = PBXBuildFile; fileRef = 7071FE472A417A5F001C524D /* Meal.swift */; };
		7071FE4E2A417A5F001C524D /* Mensa.swift in Sources */ = {isa = PBXBuildFile; fileRef = 7071FE482A417A5F001C524D /* Mensa.swift */; };
		7071FE4F2A417A5F001C524D /* Tag.swift in Sources */ = {isa = PBXBuildFile; fileRef = 7071FE492A417A5F001C524D /* Tag.swift */; };
		7071FE552A417A98001C524D /* MealPlanDownloader.swift in Sources */ = {isa = PBXBuildFile; fileRef = 7071FE532A417A98001C524D /* MealPlanDownloader.swift */; };
		7071FE572A417AAB001C524D /* Utils.swift in Sources */ = {isa = PBXBuildFile; fileRef = 7071FE562A417AAB001C524D /* Utils.swift */; };
		7071FE592A417EFE001C524D /* MealPlanTableViewController.swift in Sources */ = {isa = PBXBuildFile; fileRef = 7071FE582A417EFE001C524D /* MealPlanTableViewController.swift */; };
		7071FE5B2A417F3D001C524D /* MealTableViewCell.swift in Sources */ = {isa = PBXBuildFile; fileRef = 7071FE5A2A417F3D001C524D /* MealTableViewCell.swift */; };
		709E06A52A41D7E300081817 /* LinePlan.swift in Sources */ = {isa = PBXBuildFile; fileRef = 709E06A42A41D7E300081817 /* LinePlan.swift */; };
		70F758332A4200AB002B5CBE /* SettingsViewController.swift in Sources */ = {isa = PBXBuildFile; fileRef = 70F758322A4200AB002B5CBE /* SettingsViewController.swift */; };
		70F758352A421119002B5CBE /* MealPlanManager.swift in Sources */ = {isa = PBXBuildFile; fileRef = 70F758342A421119002B5CBE /* MealPlanManager.swift */; };
		70F758372A421917002B5CBE /* MealPlanError.swift in Sources */ = {isa = PBXBuildFile; fileRef = 70F758362A421917002B5CBE /* MealPlanError.swift */; };
/* End PBXBuildFile section */

/* Begin PBXContainerItemProxy section */
		7071FE252A417A12001C524D /* PBXContainerItemProxy */ = {
			isa = PBXContainerItemProxy;
			containerPortal = 7071FE062A417A0F001C524D /* Project object */;
			proxyType = 1;
			remoteGlobalIDString = 7071FE0D2A417A0F001C524D;
			remoteInfo = "KA Mensa";
		};
		7071FE2F2A417A12001C524D /* PBXContainerItemProxy */ = {
			isa = PBXContainerItemProxy;
			containerPortal = 7071FE062A417A0F001C524D /* Project object */;
			proxyType = 1;
			remoteGlobalIDString = 7071FE0D2A417A0F001C524D;
			remoteInfo = "KA Mensa";
		};
/* End PBXContainerItemProxy section */

/* Begin PBXFileReference section */
		7071FE0E2A417A0F001C524D /* Mensa KA.app */ = {isa = PBXFileReference; explicitFileType = wrapper.application; includeInIndex = 0; path = "Mensa KA.app"; sourceTree = BUILT_PRODUCTS_DIR; };
		7071FE112A417A0F001C524D /* AppDelegate.swift */ = {isa = PBXFileReference; lastKnownFileType = sourcecode.swift; path = AppDelegate.swift; sourceTree = "<group>"; };
		7071FE132A417A0F001C524D /* SceneDelegate.swift */ = {isa = PBXFileReference; lastKnownFileType = sourcecode.swift; path = SceneDelegate.swift; sourceTree = "<group>"; };
		7071FE182A417A0F001C524D /* Base */ = {isa = PBXFileReference; lastKnownFileType = file.storyboard; name = Base; path = Base.lproj/Main.storyboard; sourceTree = "<group>"; };
		7071FE1A2A417A12001C524D /* Assets.xcassets */ = {isa = PBXFileReference; lastKnownFileType = folder.assetcatalog; path = Assets.xcassets; sourceTree = "<group>"; };
		7071FE1D2A417A12001C524D /* Base */ = {isa = PBXFileReference; lastKnownFileType = file.storyboard; name = Base; path = Base.lproj/LaunchScreen.storyboard; sourceTree = "<group>"; };
		7071FE1F2A417A12001C524D /* Info.plist */ = {isa = PBXFileReference; lastKnownFileType = text.plist.xml; path = Info.plist; sourceTree = "<group>"; };
		7071FE242A417A12001C524D /* Mensa KATests.xctest */ = {isa = PBXFileReference; explicitFileType = wrapper.cfbundle; includeInIndex = 0; path = "Mensa KATests.xctest"; sourceTree = BUILT_PRODUCTS_DIR; };
		7071FE282A417A12001C524D /* Mensa_KATests.swift */ = {isa = PBXFileReference; lastKnownFileType = sourcecode.swift; path = Mensa_KATests.swift; sourceTree = "<group>"; };
		7071FE2E2A417A12001C524D /* Mensa KAUITests.xctest */ = {isa = PBXFileReference; explicitFileType = wrapper.cfbundle; includeInIndex = 0; path = "Mensa KAUITests.xctest"; sourceTree = BUILT_PRODUCTS_DIR; };
		7071FE322A417A12001C524D /* Mensa_KAUITests.swift */ = {isa = PBXFileReference; lastKnownFileType = sourcecode.swift; path = Mensa_KAUITests.swift; sourceTree = "<group>"; };
		7071FE342A417A12001C524D /* Mensa_KAUITestsLaunchTests.swift */ = {isa = PBXFileReference; lastKnownFileType = sourcecode.swift; path = Mensa_KAUITestsLaunchTests.swift; sourceTree = "<group>"; };
		7071FE452A417A5E001C524D /* CWPlan.swift */ = {isa = PBXFileReference; fileEncoding = 4; lastKnownFileType = sourcecode.swift; path = CWPlan.swift; sourceTree = "<group>"; };
		7071FE472A417A5F001C524D /* Meal.swift */ = {isa = PBXFileReference; fileEncoding = 4; lastKnownFileType = sourcecode.swift; path = Meal.swift; sourceTree = "<group>"; };
		7071FE482A417A5F001C524D /* Mensa.swift */ = {isa = PBXFileReference; fileEncoding = 4; lastKnownFileType = sourcecode.swift; path = Mensa.swift; sourceTree = "<group>"; };
		7071FE492A417A5F001C524D /* Tag.swift */ = {isa = PBXFileReference; fileEncoding = 4; lastKnownFileType = sourcecode.swift; path = Tag.swift; sourceTree = "<group>"; };
		7071FE532A417A98001C524D /* MealPlanDownloader.swift */ = {isa = PBXFileReference; fileEncoding = 4; lastKnownFileType = sourcecode.swift; path = MealPlanDownloader.swift; sourceTree = "<group>"; };
		7071FE562A417AAB001C524D /* Utils.swift */ = {isa = PBXFileReference; fileEncoding = 4; lastKnownFileType = sourcecode.swift; path = Utils.swift; sourceTree = "<group>"; };
		7071FE582A417EFE001C524D /* MealPlanTableViewController.swift */ = {isa = PBXFileReference; lastKnownFileType = sourcecode.swift; path = MealPlanTableViewController.swift; sourceTree = "<group>"; };
		7071FE5A2A417F3D001C524D /* MealTableViewCell.swift */ = {isa = PBXFileReference; lastKnownFileType = sourcecode.swift; path = MealTableViewCell.swift; sourceTree = "<group>"; };
		70759A262A42394500B6273A /* README.md */ = {isa = PBXFileReference; lastKnownFileType = net.daringfireball.markdown; path = README.md; sourceTree = "<group>"; };
		709E06A42A41D7E300081817 /* LinePlan.swift */ = {isa = PBXFileReference; fileEncoding = 4; lastKnownFileType = sourcecode.swift; path = LinePlan.swift; sourceTree = "<group>"; };
		70ACD50D2A49C1E0009FDB4B /* de */ = {isa = PBXFileReference; lastKnownFileType = text.plist.strings; name = de; path = de.lproj/Main.strings; sourceTree = "<group>"; };
		70ACD50E2A49C1E0009FDB4B /* de */ = {isa = PBXFileReference; lastKnownFileType = text.plist.strings; name = de; path = de.lproj/LaunchScreen.strings; sourceTree = "<group>"; };
		70F758322A4200AB002B5CBE /* SettingsViewController.swift */ = {isa = PBXFileReference; lastKnownFileType = sourcecode.swift; path = SettingsViewController.swift; sourceTree = "<group>"; };
		70F758342A421119002B5CBE /* MealPlanManager.swift */ = {isa = PBXFileReference; lastKnownFileType = sourcecode.swift; path = MealPlanManager.swift; sourceTree = "<group>"; };
		70F758362A421917002B5CBE /* MealPlanError.swift */ = {isa = PBXFileReference; lastKnownFileType = sourcecode.swift; path = MealPlanError.swift; sourceTree = "<group>"; };
/* End PBXFileReference section */

/* Begin PBXFrameworksBuildPhase section */
		7071FE0B2A417A0F001C524D /* Frameworks */ = {
			isa = PBXFrameworksBuildPhase;
			buildActionMask = 2147483647;
			files = (
				7071FE432A417A36001C524D /* SwiftSoup in Frameworks */,
			);
			runOnlyForDeploymentPostprocessing = 0;
		};
		7071FE212A417A12001C524D /* Frameworks */ = {
			isa = PBXFrameworksBuildPhase;
			buildActionMask = 2147483647;
			files = (
			);
			runOnlyForDeploymentPostprocessing = 0;
		};
		7071FE2B2A417A12001C524D /* Frameworks */ = {
			isa = PBXFrameworksBuildPhase;
			buildActionMask = 2147483647;
			files = (
			);
			runOnlyForDeploymentPostprocessing = 0;
		};
/* End PBXFrameworksBuildPhase section */

/* Begin PBXGroup section */
		7071FE052A417A0F001C524D = {
			isa = PBXGroup;
			children = (
				70759A262A42394500B6273A /* README.md */,
				7071FE102A417A0F001C524D /* Mensa KA */,
				7071FE272A417A12001C524D /* Mensa KATests */,
				7071FE312A417A12001C524D /* Mensa KAUITests */,
				7071FE0F2A417A0F001C524D /* Products */,
			);
			sourceTree = "<group>";
		};
		7071FE0F2A417A0F001C524D /* Products */ = {
			isa = PBXGroup;
			children = (
				7071FE0E2A417A0F001C524D /* Mensa KA.app */,
				7071FE242A417A12001C524D /* Mensa KATests.xctest */,
				7071FE2E2A417A12001C524D /* Mensa KAUITests.xctest */,
			);
			name = Products;
			sourceTree = "<group>";
		};
		7071FE102A417A0F001C524D /* Mensa KA */ = {
			isa = PBXGroup;
			children = (
				70F758312A420075002B5CBE /* ViewControllers */,
				7071FE562A417AAB001C524D /* Utils.swift */,
				7071FE512A417A88001C524D /* Data */,
				7071FE442A417A45001C524D /* Models */,
				7071FE112A417A0F001C524D /* AppDelegate.swift */,
				7071FE132A417A0F001C524D /* SceneDelegate.swift */,
				7071FE172A417A0F001C524D /* Main.storyboard */,
				7071FE1A2A417A12001C524D /* Assets.xcassets */,
				7071FE1C2A417A12001C524D /* LaunchScreen.storyboard */,
				7071FE1F2A417A12001C524D /* Info.plist */,
				7071FE5A2A417F3D001C524D /* MealTableViewCell.swift */,
			);
			path = "Mensa KA";
			sourceTree = "<group>";
		};
		7071FE272A417A12001C524D /* Mensa KATests */ = {
			isa = PBXGroup;
			children = (
				7071FE282A417A12001C524D /* Mensa_KATests.swift */,
			);
			path = "Mensa KATests";
			sourceTree = "<group>";
		};
		7071FE312A417A12001C524D /* Mensa KAUITests */ = {
			isa = PBXGroup;
			children = (
				7071FE322A417A12001C524D /* Mensa_KAUITests.swift */,
				7071FE342A417A12001C524D /* Mensa_KAUITestsLaunchTests.swift */,
			);
			path = "Mensa KAUITests";
			sourceTree = "<group>";
		};
		7071FE442A417A45001C524D /* Models */ = {
			isa = PBXGroup;
			children = (
				709E06A42A41D7E300081817 /* LinePlan.swift */,
				7071FE452A417A5E001C524D /* CWPlan.swift */,
				7071FE472A417A5F001C524D /* Meal.swift */,
				7071FE482A417A5F001C524D /* Mensa.swift */,
				7071FE492A417A5F001C524D /* Tag.swift */,
			);
			path = Models;
			sourceTree = "<group>";
		};
		7071FE512A417A88001C524D /* Data */ = {
			isa = PBXGroup;
			children = (
				7071FE532A417A98001C524D /* MealPlanDownloader.swift */,
				70F758342A421119002B5CBE /* MealPlanManager.swift */,
				70F758362A421917002B5CBE /* MealPlanError.swift */,
			);
			path = Data;
			sourceTree = "<group>";
		};
		70F758312A420075002B5CBE /* ViewControllers */ = {
			isa = PBXGroup;
			children = (
				7071FE582A417EFE001C524D /* MealPlanTableViewController.swift */,
				70F758322A4200AB002B5CBE /* SettingsViewController.swift */,
			);
			path = ViewControllers;
			sourceTree = "<group>";
		};
/* End PBXGroup section */

/* Begin PBXNativeTarget section */
		7071FE0D2A417A0F001C524D /* Mensa KA */ = {
			isa = PBXNativeTarget;
			buildConfigurationList = 7071FE382A417A12001C524D /* Build configuration list for PBXNativeTarget "Mensa KA" */;
			buildPhases = (
				7071FE0A2A417A0F001C524D /* Sources */,
				7071FE0B2A417A0F001C524D /* Frameworks */,
				7071FE0C2A417A0F001C524D /* Resources */,
			);
			buildRules = (
			);
			dependencies = (
			);
			name = "Mensa KA";
			packageProductDependencies = (
				7071FE422A417A36001C524D /* SwiftSoup */,
			);
			productName = "KA Mensa";
			productReference = 7071FE0E2A417A0F001C524D /* Mensa KA.app */;
			productType = "com.apple.product-type.application";
		};
		7071FE232A417A12001C524D /* Mensa KATests */ = {
			isa = PBXNativeTarget;
			buildConfigurationList = 7071FE3B2A417A12001C524D /* Build configuration list for PBXNativeTarget "Mensa KATests" */;
			buildPhases = (
				7071FE202A417A12001C524D /* Sources */,
				7071FE212A417A12001C524D /* Frameworks */,
				7071FE222A417A12001C524D /* Resources */,
			);
			buildRules = (
			);
			dependencies = (
				7071FE262A417A12001C524D /* PBXTargetDependency */,
			);
			name = "Mensa KATests";
			productName = "KA MensaTests";
			productReference = 7071FE242A417A12001C524D /* Mensa KATests.xctest */;
			productType = "com.apple.product-type.bundle.unit-test";
		};
		7071FE2D2A417A12001C524D /* Mensa KAUITests */ = {
			isa = PBXNativeTarget;
			buildConfigurationList = 7071FE3E2A417A12001C524D /* Build configuration list for PBXNativeTarget "Mensa KAUITests" */;
			buildPhases = (
				7071FE2A2A417A12001C524D /* Sources */,
				7071FE2B2A417A12001C524D /* Frameworks */,
				7071FE2C2A417A12001C524D /* Resources */,
			);
			buildRules = (
			);
			dependencies = (
				7071FE302A417A12001C524D /* PBXTargetDependency */,
			);
			name = "Mensa KAUITests";
			productName = "KA MensaUITests";
			productReference = 7071FE2E2A417A12001C524D /* Mensa KAUITests.xctest */;
			productType = "com.apple.product-type.bundle.ui-testing";
		};
/* End PBXNativeTarget section */

/* Begin PBXProject section */
		7071FE062A417A0F001C524D /* Project object */ = {
			isa = PBXProject;
			attributes = {
				BuildIndependentTargetsInParallel = 1;
				LastSwiftUpdateCheck = 1430;
				LastUpgradeCheck = 1430;
				TargetAttributes = {
					7071FE0D2A417A0F001C524D = {
						CreatedOnToolsVersion = 14.3.1;
					};
					7071FE232A417A12001C524D = {
						CreatedOnToolsVersion = 14.3.1;
						TestTargetID = 7071FE0D2A417A0F001C524D;
					};
					7071FE2D2A417A12001C524D = {
						CreatedOnToolsVersion = 14.3.1;
						TestTargetID = 7071FE0D2A417A0F001C524D;
					};
				};
			};
			buildConfigurationList = 7071FE092A417A0F001C524D /* Build configuration list for PBXProject "Mensa KA" */;
			compatibilityVersion = "Xcode 14.0";
			developmentRegion = de;
			hasScannedForEncodings = 0;
			knownRegions = (
				Base,
				de,
			);
			mainGroup = 7071FE052A417A0F001C524D;
			packageReferences = (
				7071FE412A417A36001C524D /* XCRemoteSwiftPackageReference "SwiftSoup" */,
			);
			productRefGroup = 7071FE0F2A417A0F001C524D /* Products */;
			projectDirPath = "";
			projectRoot = "";
			targets = (
				7071FE0D2A417A0F001C524D /* Mensa KA */,
				7071FE232A417A12001C524D /* Mensa KATests */,
				7071FE2D2A417A12001C524D /* Mensa KAUITests */,
			);
		};
/* End PBXProject section */

/* Begin PBXResourcesBuildPhase section */
		7071FE0C2A417A0F001C524D /* Resources */ = {
			isa = PBXResourcesBuildPhase;
			buildActionMask = 2147483647;
			files = (
				7071FE1E2A417A12001C524D /* LaunchScreen.storyboard in Resources */,
				7071FE1B2A417A12001C524D /* Assets.xcassets in Resources */,
				7071FE192A417A0F001C524D /* Main.storyboard in Resources */,
			);
			runOnlyForDeploymentPostprocessing = 0;
		};
		7071FE222A417A12001C524D /* Resources */ = {
			isa = PBXResourcesBuildPhase;
			buildActionMask = 2147483647;
			files = (
			);
			runOnlyForDeploymentPostprocessing = 0;
		};
		7071FE2C2A417A12001C524D /* Resources */ = {
			isa = PBXResourcesBuildPhase;
			buildActionMask = 2147483647;
			files = (
			);
			runOnlyForDeploymentPostprocessing = 0;
		};
/* End PBXResourcesBuildPhase section */

/* Begin PBXSourcesBuildPhase section */
		7071FE0A2A417A0F001C524D /* Sources */ = {
			isa = PBXSourcesBuildPhase;
			buildActionMask = 2147483647;
			files = (
				709E06A52A41D7E300081817 /* LinePlan.swift in Sources */,
				7071FE5B2A417F3D001C524D /* MealTableViewCell.swift in Sources */,
				70F758372A421917002B5CBE /* MealPlanError.swift in Sources */,
				7071FE4F2A417A5F001C524D /* Tag.swift in Sources */,
				7071FE552A417A98001C524D /* MealPlanDownloader.swift in Sources */,
				7071FE4E2A417A5F001C524D /* Mensa.swift in Sources */,
				7071FE4B2A417A5F001C524D /* CWPlan.swift in Sources */,
				7071FE122A417A0F001C524D /* AppDelegate.swift in Sources */,
				7071FE142A417A0F001C524D /* SceneDelegate.swift in Sources */,
				7071FE4D2A417A5F001C524D /* Meal.swift in Sources */,
				7071FE572A417AAB001C524D /* Utils.swift in Sources */,
				7071FE592A417EFE001C524D /* MealPlanTableViewController.swift in Sources */,
				70F758352A421119002B5CBE /* MealPlanManager.swift in Sources */,
				70F758332A4200AB002B5CBE /* SettingsViewController.swift in Sources */,
			);
			runOnlyForDeploymentPostprocessing = 0;
		};
		7071FE202A417A12001C524D /* Sources */ = {
			isa = PBXSourcesBuildPhase;
			buildActionMask = 2147483647;
			files = (
				7071FE292A417A12001C524D /* Mensa_KATests.swift in Sources */,
			);
			runOnlyForDeploymentPostprocessing = 0;
		};
		7071FE2A2A417A12001C524D /* Sources */ = {
			isa = PBXSourcesBuildPhase;
			buildActionMask = 2147483647;
			files = (
				7071FE352A417A12001C524D /* Mensa_KAUITestsLaunchTests.swift in Sources */,
				7071FE332A417A12001C524D /* Mensa_KAUITests.swift in Sources */,
			);
			runOnlyForDeploymentPostprocessing = 0;
		};
/* End PBXSourcesBuildPhase section */

/* Begin PBXTargetDependency section */
		7071FE262A417A12001C524D /* PBXTargetDependency */ = {
			isa = PBXTargetDependency;
			target = 7071FE0D2A417A0F001C524D /* Mensa KA */;
			targetProxy = 7071FE252A417A12001C524D /* PBXContainerItemProxy */;
		};
		7071FE302A417A12001C524D /* PBXTargetDependency */ = {
			isa = PBXTargetDependency;
			target = 7071FE0D2A417A0F001C524D /* Mensa KA */;
			targetProxy = 7071FE2F2A417A12001C524D /* PBXContainerItemProxy */;
		};
/* End PBXTargetDependency section */

/* Begin PBXVariantGroup section */
		7071FE172A417A0F001C524D /* Main.storyboard */ = {
			isa = PBXVariantGroup;
			children = (
				7071FE182A417A0F001C524D /* Base */,
				70ACD50D2A49C1E0009FDB4B /* de */,
			);
			name = Main.storyboard;
			sourceTree = "<group>";
		};
		7071FE1C2A417A12001C524D /* LaunchScreen.storyboard */ = {
			isa = PBXVariantGroup;
			children = (
				7071FE1D2A417A12001C524D /* Base */,
				70ACD50E2A49C1E0009FDB4B /* de */,
			);
			name = LaunchScreen.storyboard;
			sourceTree = "<group>";
		};
/* End PBXVariantGroup section */

/* Begin XCBuildConfiguration section */
		7071FE362A417A12001C524D /* Debug */ = {
			isa = XCBuildConfiguration;
			buildSettings = {
				ALWAYS_SEARCH_USER_PATHS = NO;
				CLANG_ANALYZER_LOCALIZABILITY_NONLOCALIZED = YES;
				CLANG_ANALYZER_NONNULL = YES;
				CLANG_ANALYZER_NUMBER_OBJECT_CONVERSION = YES_AGGRESSIVE;
				CLANG_CXX_LANGUAGE_STANDARD = "gnu++20";
				CLANG_ENABLE_MODULES = YES;
				CLANG_ENABLE_OBJC_ARC = YES;
				CLANG_ENABLE_OBJC_WEAK = YES;
				CLANG_WARN_BLOCK_CAPTURE_AUTORELEASING = YES;
				CLANG_WARN_BOOL_CONVERSION = YES;
				CLANG_WARN_COMMA = YES;
				CLANG_WARN_CONSTANT_CONVERSION = YES;
				CLANG_WARN_DEPRECATED_OBJC_IMPLEMENTATIONS = YES;
				CLANG_WARN_DIRECT_OBJC_ISA_USAGE = YES_ERROR;
				CLANG_WARN_DOCUMENTATION_COMMENTS = YES;
				CLANG_WARN_EMPTY_BODY = YES;
				CLANG_WARN_ENUM_CONVERSION = YES;
				CLANG_WARN_INFINITE_RECURSION = YES;
				CLANG_WARN_INT_CONVERSION = YES;
				CLANG_WARN_NON_LITERAL_NULL_CONVERSION = YES;
				CLANG_WARN_OBJC_IMPLICIT_RETAIN_SELF = YES;
				CLANG_WARN_OBJC_LITERAL_CONVERSION = YES;
				CLANG_WARN_OBJC_ROOT_CLASS = YES_ERROR;
				CLANG_WARN_QUOTED_INCLUDE_IN_FRAMEWORK_HEADER = YES;
				CLANG_WARN_RANGE_LOOP_ANALYSIS = YES;
				CLANG_WARN_STRICT_PROTOTYPES = YES;
				CLANG_WARN_SUSPICIOUS_MOVE = YES;
				CLANG_WARN_UNGUARDED_AVAILABILITY = YES_AGGRESSIVE;
				CLANG_WARN_UNREACHABLE_CODE = YES;
				CLANG_WARN__DUPLICATE_METHOD_MATCH = YES;
				COPY_PHASE_STRIP = NO;
				DEBUG_INFORMATION_FORMAT = dwarf;
				ENABLE_STRICT_OBJC_MSGSEND = YES;
				ENABLE_TESTABILITY = YES;
				GCC_C_LANGUAGE_STANDARD = gnu11;
				GCC_DYNAMIC_NO_PIC = NO;
				GCC_NO_COMMON_BLOCKS = YES;
				GCC_OPTIMIZATION_LEVEL = 0;
				GCC_PREPROCESSOR_DEFINITIONS = (
					"DEBUG=1",
					"$(inherited)",
				);
				GCC_WARN_64_TO_32_BIT_CONVERSION = YES;
				GCC_WARN_ABOUT_RETURN_TYPE = YES_ERROR;
				GCC_WARN_UNDECLARED_SELECTOR = YES;
				GCC_WARN_UNINITIALIZED_AUTOS = YES_AGGRESSIVE;
				GCC_WARN_UNUSED_FUNCTION = YES;
				GCC_WARN_UNUSED_VARIABLE = YES;
				IPHONEOS_DEPLOYMENT_TARGET = 16.4;
				MTL_ENABLE_DEBUG_INFO = INCLUDE_SOURCE;
				MTL_FAST_MATH = YES;
				ONLY_ACTIVE_ARCH = YES;
				SDKROOT = iphoneos;
				SWIFT_ACTIVE_COMPILATION_CONDITIONS = DEBUG;
				SWIFT_OPTIMIZATION_LEVEL = "-Onone";
			};
			name = Debug;
		};
		7071FE372A417A12001C524D /* Release */ = {
			isa = XCBuildConfiguration;
			buildSettings = {
				ALWAYS_SEARCH_USER_PATHS = NO;
				CLANG_ANALYZER_LOCALIZABILITY_NONLOCALIZED = YES;
				CLANG_ANALYZER_NONNULL = YES;
				CLANG_ANALYZER_NUMBER_OBJECT_CONVERSION = YES_AGGRESSIVE;
				CLANG_CXX_LANGUAGE_STANDARD = "gnu++20";
				CLANG_ENABLE_MODULES = YES;
				CLANG_ENABLE_OBJC_ARC = YES;
				CLANG_ENABLE_OBJC_WEAK = YES;
				CLANG_WARN_BLOCK_CAPTURE_AUTORELEASING = YES;
				CLANG_WARN_BOOL_CONVERSION = YES;
				CLANG_WARN_COMMA = YES;
				CLANG_WARN_CONSTANT_CONVERSION = YES;
				CLANG_WARN_DEPRECATED_OBJC_IMPLEMENTATIONS = YES;
				CLANG_WARN_DIRECT_OBJC_ISA_USAGE = YES_ERROR;
				CLANG_WARN_DOCUMENTATION_COMMENTS = YES;
				CLANG_WARN_EMPTY_BODY = YES;
				CLANG_WARN_ENUM_CONVERSION = YES;
				CLANG_WARN_INFINITE_RECURSION = YES;
				CLANG_WARN_INT_CONVERSION = YES;
				CLANG_WARN_NON_LITERAL_NULL_CONVERSION = YES;
				CLANG_WARN_OBJC_IMPLICIT_RETAIN_SELF = YES;
				CLANG_WARN_OBJC_LITERAL_CONVERSION = YES;
				CLANG_WARN_OBJC_ROOT_CLASS = YES_ERROR;
				CLANG_WARN_QUOTED_INCLUDE_IN_FRAMEWORK_HEADER = YES;
				CLANG_WARN_RANGE_LOOP_ANALYSIS = YES;
				CLANG_WARN_STRICT_PROTOTYPES = YES;
				CLANG_WARN_SUSPICIOUS_MOVE = YES;
				CLANG_WARN_UNGUARDED_AVAILABILITY = YES_AGGRESSIVE;
				CLANG_WARN_UNREACHABLE_CODE = YES;
				CLANG_WARN__DUPLICATE_METHOD_MATCH = YES;
				COPY_PHASE_STRIP = NO;
				DEBUG_INFORMATION_FORMAT = "dwarf-with-dsym";
				ENABLE_NS_ASSERTIONS = NO;
				ENABLE_STRICT_OBJC_MSGSEND = YES;
				GCC_C_LANGUAGE_STANDARD = gnu11;
				GCC_NO_COMMON_BLOCKS = YES;
				GCC_WARN_64_TO_32_BIT_CONVERSION = YES;
				GCC_WARN_ABOUT_RETURN_TYPE = YES_ERROR;
				GCC_WARN_UNDECLARED_SELECTOR = YES;
				GCC_WARN_UNINITIALIZED_AUTOS = YES_AGGRESSIVE;
				GCC_WARN_UNUSED_FUNCTION = YES;
				GCC_WARN_UNUSED_VARIABLE = YES;
				IPHONEOS_DEPLOYMENT_TARGET = 16.4;
				MTL_ENABLE_DEBUG_INFO = NO;
				MTL_FAST_MATH = YES;
				SDKROOT = iphoneos;
				SWIFT_COMPILATION_MODE = wholemodule;
				SWIFT_OPTIMIZATION_LEVEL = "-O";
				VALIDATE_PRODUCT = YES;
			};
			name = Release;
		};
		7071FE392A417A12001C524D /* Debug */ = {
			isa = XCBuildConfiguration;
			buildSettings = {
				ASSETCATALOG_COMPILER_APPICON_NAME = AppIcon;
				ASSETCATALOG_COMPILER_GLOBAL_ACCENT_COLOR_NAME = AccentColor;
				CODE_SIGN_STYLE = Automatic;
				CURRENT_PROJECT_VERSION = 1;
				DEVELOPMENT_TEAM = PFNAA7QQ4N;
				GENERATE_INFOPLIST_FILE = YES;
				INFOPLIST_FILE = "Mensa KA/Info.plist";
				INFOPLIST_KEY_UIApplicationSupportsIndirectInputEvents = YES;
				INFOPLIST_KEY_UILaunchStoryboardName = LaunchScreen;
				INFOPLIST_KEY_UIMainStoryboardFile = Main;
				INFOPLIST_KEY_UISupportedInterfaceOrientations_iPad = "UIInterfaceOrientationPortrait UIInterfaceOrientationPortraitUpsideDown UIInterfaceOrientationLandscapeLeft UIInterfaceOrientationLandscapeRight";
				INFOPLIST_KEY_UISupportedInterfaceOrientations_iPhone = "UIInterfaceOrientationPortrait UIInterfaceOrientationLandscapeLeft UIInterfaceOrientationLandscapeRight";
				IPHONEOS_DEPLOYMENT_TARGET = 16.0;
				LD_RUNPATH_SEARCH_PATHS = (
					"$(inherited)",
					"@executable_path/Frameworks",
				);
				MARKETING_VERSION = 1.0;
				PRODUCT_BUNDLE_IDENTIFIER = "com.cameloper.Mensa-KA";
				PRODUCT_NAME = "$(TARGET_NAME)";
				SWIFT_EMIT_LOC_STRINGS = YES;
				SWIFT_VERSION = 5.0;
				TARGETED_DEVICE_FAMILY = "1,2";
			};
			name = Debug;
		};
		7071FE3A2A417A12001C524D /* Release */ = {
			isa = XCBuildConfiguration;
			buildSettings = {
				ASSETCATALOG_COMPILER_APPICON_NAME = AppIcon;
				ASSETCATALOG_COMPILER_GLOBAL_ACCENT_COLOR_NAME = AccentColor;
				CODE_SIGN_STYLE = Automatic;
				CURRENT_PROJECT_VERSION = 1;
				DEVELOPMENT_TEAM = PFNAA7QQ4N;
				GENERATE_INFOPLIST_FILE = YES;
				INFOPLIST_FILE = "Mensa KA/Info.plist";
				INFOPLIST_KEY_UIApplicationSupportsIndirectInputEvents = YES;
				INFOPLIST_KEY_UILaunchStoryboardName = LaunchScreen;
				INFOPLIST_KEY_UIMainStoryboardFile = Main;
				INFOPLIST_KEY_UISupportedInterfaceOrientations_iPad = "UIInterfaceOrientationPortrait UIInterfaceOrientationPortraitUpsideDown UIInterfaceOrientationLandscapeLeft UIInterfaceOrientationLandscapeRight";
				INFOPLIST_KEY_UISupportedInterfaceOrientations_iPhone = "UIInterfaceOrientationPortrait UIInterfaceOrientationLandscapeLeft UIInterfaceOrientationLandscapeRight";
				IPHONEOS_DEPLOYMENT_TARGET = 16.0;
				LD_RUNPATH_SEARCH_PATHS = (
					"$(inherited)",
					"@executable_path/Frameworks",
				);
				MARKETING_VERSION = 1.0;
				PRODUCT_BUNDLE_IDENTIFIER = "com.cameloper.Mensa-KA";
				PRODUCT_NAME = "$(TARGET_NAME)";
				SWIFT_EMIT_LOC_STRINGS = YES;
				SWIFT_VERSION = 5.0;
				TARGETED_DEVICE_FAMILY = "1,2";
			};
			name = Release;
		};
		7071FE3C2A417A12001C524D /* Debug */ = {
			isa = XCBuildConfiguration;
			buildSettings = {
				ALWAYS_EMBED_SWIFT_STANDARD_LIBRARIES = YES;
				BUNDLE_LOADER = "$(TEST_HOST)";
				CODE_SIGN_STYLE = Automatic;
				CURRENT_PROJECT_VERSION = 1;
				DEVELOPMENT_TEAM = PFNAA7QQ4N;
				GENERATE_INFOPLIST_FILE = YES;
				IPHONEOS_DEPLOYMENT_TARGET = 16.4;
				MARKETING_VERSION = 1.0;
				PRODUCT_BUNDLE_IDENTIFIER = "com.cameloper.Mensa-KATests";
				PRODUCT_NAME = "$(TARGET_NAME)";
				SWIFT_EMIT_LOC_STRINGS = NO;
				SWIFT_VERSION = 5.0;
				TARGETED_DEVICE_FAMILY = "1,2";
				TEST_HOST = "$(BUILT_PRODUCTS_DIR)/Mensa KA.app/$(BUNDLE_EXECUTABLE_FOLDER_PATH)/Mensa KA";
			};
			name = Debug;
		};
		7071FE3D2A417A12001C524D /* Release */ = {
			isa = XCBuildConfiguration;
			buildSettings = {
				ALWAYS_EMBED_SWIFT_STANDARD_LIBRARIES = YES;
				BUNDLE_LOADER = "$(TEST_HOST)";
				CODE_SIGN_STYLE = Automatic;
				CURRENT_PROJECT_VERSION = 1;
				DEVELOPMENT_TEAM = PFNAA7QQ4N;
				GENERATE_INFOPLIST_FILE = YES;
				IPHONEOS_DEPLOYMENT_TARGET = 16.4;
				MARKETING_VERSION = 1.0;
				PRODUCT_BUNDLE_IDENTIFIER = "com.cameloper.Mensa-KATests";
				PRODUCT_NAME = "$(TARGET_NAME)";
				SWIFT_EMIT_LOC_STRINGS = NO;
				SWIFT_VERSION = 5.0;
				TARGETED_DEVICE_FAMILY = "1,2";
				TEST_HOST = "$(BUILT_PRODUCTS_DIR)/Mensa KA.app/$(BUNDLE_EXECUTABLE_FOLDER_PATH)/Mensa KA";
			};
			name = Release;
		};
		7071FE3F2A417A12001C524D /* Debug */ = {
			isa = XCBuildConfiguration;
			buildSettings = {
				ALWAYS_EMBED_SWIFT_STANDARD_LIBRARIES = YES;
				CODE_SIGN_STYLE = Automatic;
				CURRENT_PROJECT_VERSION = 1;
				DEVELOPMENT_TEAM = PFNAA7QQ4N;
				GENERATE_INFOPLIST_FILE = YES;
				MARKETING_VERSION = 1.0;
				PRODUCT_BUNDLE_IDENTIFIER = "com.cameloper.Mensa-KAUITests";
				PRODUCT_NAME = "$(TARGET_NAME)";
				SWIFT_EMIT_LOC_STRINGS = NO;
				SWIFT_VERSION = 5.0;
				TARGETED_DEVICE_FAMILY = "1,2";
				TEST_TARGET_NAME = "Mensa KA";
			};
			name = Debug;
		};
		7071FE402A417A12001C524D /* Release */ = {
			isa = XCBuildConfiguration;
			buildSettings = {
				ALWAYS_EMBED_SWIFT_STANDARD_LIBRARIES = YES;
				CODE_SIGN_STYLE = Automatic;
				CURRENT_PROJECT_VERSION = 1;
				DEVELOPMENT_TEAM = PFNAA7QQ4N;
				GENERATE_INFOPLIST_FILE = YES;
				MARKETING_VERSION = 1.0;
				PRODUCT_BUNDLE_IDENTIFIER = "com.cameloper.Mensa-KAUITests";
				PRODUCT_NAME = "$(TARGET_NAME)";
				SWIFT_EMIT_LOC_STRINGS = NO;
				SWIFT_VERSION = 5.0;
				TARGETED_DEVICE_FAMILY = "1,2";
				TEST_TARGET_NAME = "Mensa KA";
			};
			name = Release;
		};
/* End XCBuildConfiguration section */

/* Begin XCConfigurationList section */
		7071FE092A417A0F001C524D /* Build configuration list for PBXProject "Mensa KA" */ = {
			isa = XCConfigurationList;
			buildConfigurations = (
				7071FE362A417A12001C524D /* Debug */,
				7071FE372A417A12001C524D /* Release */,
			);
			defaultConfigurationIsVisible = 0;
			defaultConfigurationName = Release;
		};
		7071FE382A417A12001C524D /* Build configuration list for PBXNativeTarget "Mensa KA" */ = {
			isa = XCConfigurationList;
			buildConfigurations = (
				7071FE392A417A12001C524D /* Debug */,
				7071FE3A2A417A12001C524D /* Release */,
			);
			defaultConfigurationIsVisible = 0;
			defaultConfigurationName = Release;
		};
		7071FE3B2A417A12001C524D /* Build configuration list for PBXNativeTarget "Mensa KATests" */ = {
			isa = XCConfigurationList;
			buildConfigurations = (
				7071FE3C2A417A12001C524D /* Debug */,
				7071FE3D2A417A12001C524D /* Release */,
			);
			defaultConfigurationIsVisible = 0;
			defaultConfigurationName = Release;
		};
		7071FE3E2A417A12001C524D /* Build configuration list for PBXNativeTarget "Mensa KAUITests" */ = {
			isa = XCConfigurationList;
			buildConfigurations = (
				7071FE3F2A417A12001C524D /* Debug */,
				7071FE402A417A12001C524D /* Release */,
			);
			defaultConfigurationIsVisible = 0;
			defaultConfigurationName = Release;
		};
/* End XCConfigurationList section */

/* Begin XCRemoteSwiftPackageReference section */
		7071FE412A417A36001C524D /* XCRemoteSwiftPackageReference "SwiftSoup" */ = {
			isa = XCRemoteSwiftPackageReference;
			repositoryURL = "https://github.com/scinfu/SwiftSoup";
			requirement = {
				kind = upToNextMajorVersion;
				minimumVersion = 2.6.0;
			};
		};
/* End XCRemoteSwiftPackageReference section */

/* Begin XCSwiftPackageProductDependency section */
		7071FE422A417A36001C524D /* SwiftSoup */ = {
			isa = XCSwiftPackageProductDependency;
			package = 7071FE412A417A36001C524D /* XCRemoteSwiftPackageReference "SwiftSoup" */;
			productName = SwiftSoup;
		};
/* End XCSwiftPackageProductDependency section */
	};
	rootObject = 7071FE062A417A0F001C524D /* Project object */;
}
